
Microsoft Visual Studio Solution File, Format Version 12.00
# Visual Studio Version 17
VisualStudioVersion = 17.14.36327.8 d17.14
MinimumVisualStudioVersion = 10.0.40219.1
Project("{FAE04EC0-301F-11D3-BF4B-00C04F79EFBC}") = "ProjetoFim", "PlataformaApoioTurismoLocal\ProjetoFim.csproj", "{EC29FCF1-FF21-4BBA-BE8A-6B4EE99651ED}"
EndProject
Global
	GlobalSection(SolutionConfigurationPlatforms) = preSolution
		Debug|Any CPU = Debug|Any CPU
		Release|Any CPU = Release|Any CPU
	EndGlobalSection
	GlobalSection(ProjectConfigurationPlatforms) = postSolution
		{EC29FCF1-FF21-4BBA-BE8A-6B4EE99651ED}.Debug|Any CPU.ActiveCfg = Debug|Any CPU
		{EC29FCF1-FF21-4BBA-BE8A-6B4EE99651ED}.Debug|Any CPU.Build.0 = Debug|Any CPU
		{EC29FCF1-FF21-4BBA-BE8A-6B4EE99651ED}.Release|Any CPU.ActiveCfg = Release|Any CPU
		{EC29FCF1-FF21-4BBA-BE8A-6B4EE99651ED}.Release|Any CPU.Build.0 = Release|Any CPU
	EndGlobalSection
	GlobalSection(SolutionProperties) = preSolution
		HideSolutionNode = FALSE
	EndGlobalSection
	GlobalSection(ExtensibilityGlobals) = postSolution
		SolutionGuid = {8424E87F-2FFC-45DF-9B56-15E880B9CCC7}
	EndGlobalSection
EndGlobal
